
Microsoft Visual Studio Solution File, Format Version 12.00
Project("{FAE04EC0-301F-11D3-BF4B-00C04F79EFBC}") = "AdventOfTest", "AdventOfTest\AdventOfTest.csproj", "{EBCFC32D-AFD4-4ECE-8421-2ADDEE0ACE0D}"
EndProject
Project("{FAE04EC0-301F-11D3-BF4B-00C04F79EFBC}") = "AdventOfCode", "AdventOfCode\AdventOfCode.csproj", "{6A6C5CBA-3EAF-4EA9-A10D-93A1C6227B4B}"
EndProject
Global
	GlobalSection(SolutionConfigurationPlatforms) = preSolution
		Debug|Any CPU = Debug|Any CPU
		Release|Any CPU = Release|Any CPU
	EndGlobalSection
	GlobalSection(ProjectConfigurationPlatforms) = postSolution
		{EBCFC32D-AFD4-4ECE-8421-2ADDEE0ACE0D}.Debug|Any CPU.ActiveCfg = Debug|Any CPU
		{EBCFC32D-AFD4-4ECE-8421-2ADDEE0ACE0D}.Debug|Any CPU.Build.0 = Debug|Any CPU
		{EBCFC32D-AFD4-4ECE-8421-2ADDEE0ACE0D}.Release|Any CPU.ActiveCfg = Release|Any CPU
		{EBCFC32D-AFD4-4ECE-8421-2ADDEE0ACE0D}.Release|Any CPU.Build.0 = Release|Any CPU
		{6A6C5CBA-3EAF-4EA9-A10D-93A1C6227B4B}.Debug|Any CPU.ActiveCfg = Debug|Any CPU
		{6A6C5CBA-3EAF-4EA9-A10D-93A1C6227B4B}.Debug|Any CPU.Build.0 = Debug|Any CPU
		{6A6C5CBA-3EAF-4EA9-A10D-93A1C6227B4B}.Release|Any CPU.ActiveCfg = Release|Any CPU
		{6A6C5CBA-3EAF-4EA9-A10D-93A1C6227B4B}.Release|Any CPU.Build.0 = Release|Any CPU
	EndGlobalSection
EndGlobal
